
Microsoft Visual Studio Solution File, Format Version 12.00
# Visual Studio Version 16
VisualStudioVersion = 16.0.30907.101
MinimumVisualStudioVersion = 10.0.40219.1
Project("{FAE04EC0-301F-11D3-BF4B-00C04F79EFBC}") = "SondajMaliyetForm", "SondajMaliyetForm\SondajMaliyetForm.csproj", "{19D44193-2C46-4035-A45A-35B83BC7E8C9}"
EndProject
Project("{FAE04EC0-301F-11D3-BF4B-00C04F79EFBC}") = "SondajMaliyetClass", "SondajMaliyetClass\SondajMaliyetClass.csproj", "{AE2477F5-666B-4A48-8092-D9EEDFD644EF}"
EndProject
Global
	GlobalSection(SolutionConfigurationPlatforms) = preSolution
		Debug|Any CPU = Debug|Any CPU
		Release|Any CPU = Release|Any CPU
	EndGlobalSection
	GlobalSection(ProjectConfigurationPlatforms) = postSolution
		{19D44193-2C46-4035-A45A-35B83BC7E8C9}.Debug|Any CPU.ActiveCfg = Debug|Any CPU
		{19D44193-2C46-4035-A45A-35B83BC7E8C9}.Debug|Any CPU.Build.0 = Debug|Any CPU
		{19D44193-2C46-4035-A45A-35B83BC7E8C9}.Release|Any CPU.ActiveCfg = Release|Any CPU
		{19D44193-2C46-4035-A45A-35B83BC7E8C9}.Release|Any CPU.Build.0 = Release|Any CPU
		{AE2477F5-666B-4A48-8092-D9EEDFD644EF}.Debug|Any CPU.ActiveCfg = Debug|Any CPU
		{AE2477F5-666B-4A48-8092-D9EEDFD644EF}.Debug|Any CPU.Build.0 = Debug|Any CPU
		{AE2477F5-666B-4A48-8092-D9EEDFD644EF}.Release|Any CPU.ActiveCfg = Release|Any CPU
		{AE2477F5-666B-4A48-8092-D9EEDFD644EF}.Release|Any CPU.Build.0 = Release|Any CPU
	EndGlobalSection
	GlobalSection(SolutionProperties) = preSolution
		HideSolutionNode = FALSE
	EndGlobalSection
	GlobalSection(ExtensibilityGlobals) = postSolution
		SolutionGuid = {30E146E6-7A81-4DE5-AAF5-842BFAD5C827}
	EndGlobalSection
EndGlobal
